// !$*UTF8*$!
{
	archiveVersion = 1;
	classes = {
	};
	objectVersion = 56;
	objects = {

/* Begin PBXBuildFile section */
		CB165A9C29DB54E000F2D5AF /* Category+CoreDataClass.swift in Sources */ = {isa = PBXBuildFile; fileRef = CB165A9829DB54E000F2D5AF /* Category+CoreDataClass.swift */; };
		CB165A9D29DB54E000F2D5AF /* Category+CoreDataProperties.swift in Sources */ = {isa = PBXBuildFile; fileRef = CB165A9929DB54E000F2D5AF /* Category+CoreDataProperties.swift */; };
		CB165A9E29DB54E000F2D5AF /* Items+CoreDataClass.swift in Sources */ = {isa = PBXBuildFile; fileRef = CB165A9A29DB54E000F2D5AF /* Items+CoreDataClass.swift */; };
		CB165A9F29DB54E000F2D5AF /* Items+CoreDataProperties.swift in Sources */ = {isa = PBXBuildFile; fileRef = CB165A9B29DB54E000F2D5AF /* Items+CoreDataProperties.swift */; };
		CB165AA129DB56C800F2D5AF /* ItemsViewController.swift in Sources */ = {isa = PBXBuildFile; fileRef = CB165AA029DB56C800F2D5AF /* ItemsViewController.swift */; };
		CB205EE429D2EDD10014D58C /* AppDelegate.swift in Sources */ = {isa = PBXBuildFile; fileRef = CB205EE329D2EDD10014D58C /* AppDelegate.swift */; };
		CB205EE629D2EDD10014D58C /* SceneDelegate.swift in Sources */ = {isa = PBXBuildFile; fileRef = CB205EE529D2EDD10014D58C /* SceneDelegate.swift */; };
		CB205EE829D2EDD10014D58C /* CategoryViewController.swift in Sources */ = {isa = PBXBuildFile; fileRef = CB205EE729D2EDD10014D58C /* CategoryViewController.swift */; };
		CB205EEB29D2EDD10014D58C /* Main.storyboard in Resources */ = {isa = PBXBuildFile; fileRef = CB205EE929D2EDD10014D58C /* Main.storyboard */; };
		CB205EEE29D2EDD10014D58C /* ToDo.xcdatamodeld in Sources */ = {isa = PBXBuildFile; fileRef = CB205EEC29D2EDD10014D58C /* ToDo.xcdatamodeld */; };
		CB205EF029D2EDD20014D58C /* Assets.xcassets in Resources */ = {isa = PBXBuildFile; fileRef = CB205EEF29D2EDD20014D58C /* Assets.xcassets */; };
		CB205EF329D2EDD20014D58C /* LaunchScreen.storyboard in Resources */ = {isa = PBXBuildFile; fileRef = CB205EF129D2EDD20014D58C /* LaunchScreen.storyboard */; };
/* End PBXBuildFile section */

/* Begin PBXFileReference section */
		CB165A9829DB54E000F2D5AF /* Category+CoreDataClass.swift */ = {isa = PBXFileReference; lastKnownFileType = sourcecode.swift; path = "Category+CoreDataClass.swift"; sourceTree = "<group>"; };
		CB165A9929DB54E000F2D5AF /* Category+CoreDataProperties.swift */ = {isa = PBXFileReference; lastKnownFileType = sourcecode.swift; path = "Category+CoreDataProperties.swift"; sourceTree = "<group>"; };
		CB165A9A29DB54E000F2D5AF /* Items+CoreDataClass.swift */ = {isa = PBXFileReference; lastKnownFileType = sourcecode.swift; path = "Items+CoreDataClass.swift"; sourceTree = "<group>"; };
		CB165A9B29DB54E000F2D5AF /* Items+CoreDataProperties.swift */ = {isa = PBXFileReference; lastKnownFileType = sourcecode.swift; path = "Items+CoreDataProperties.swift"; sourceTree = "<group>"; };
		CB165AA029DB56C800F2D5AF /* ItemsViewController.swift */ = {isa = PBXFileReference; lastKnownFileType = sourcecode.swift; path = ItemsViewController.swift; sourceTree = "<group>"; };
		CB205EE029D2EDD10014D58C /* ToDo.app */ = {isa = PBXFileReference; explicitFileType = wrapper.application; includeInIndex = 0; path = ToDo.app; sourceTree = BUILT_PRODUCTS_DIR; };
		CB205EE329D2EDD10014D58C /* AppDelegate.swift */ = {isa = PBXFileReference; lastKnownFileType = sourcecode.swift; path = AppDelegate.swift; sourceTree = "<group>"; };
		CB205EE529D2EDD10014D58C /* SceneDelegate.swift */ = {isa = PBXFileReference; lastKnownFileType = sourcecode.swift; path = SceneDelegate.swift; sourceTree = "<group>"; };
		CB205EE729D2EDD10014D58C /* CategoryViewController.swift */ = {isa = PBXFileReference; lastKnownFileType = sourcecode.swift; path = CategoryViewController.swift; sourceTree = "<group>"; };
		CB205EEA29D2EDD10014D58C /* Base */ = {isa = PBXFileReference; lastKnownFileType = file.storyboard; name = Base; path = Base.lproj/Main.storyboard; sourceTree = "<group>"; };
		CB205EED29D2EDD10014D58C /* ToDo.xcdatamodel */ = {isa = PBXFileReference; lastKnownFileType = wrapper.xcdatamodel; path = ToDo.xcdatamodel; sourceTree = "<group>"; };
		CB205EEF29D2EDD20014D58C /* Assets.xcassets */ = {isa = PBXFileReference; lastKnownFileType = folder.assetcatalog; path = Assets.xcassets; sourceTree = "<group>"; };
		CB205EF229D2EDD20014D58C /* Base */ = {isa = PBXFileReference; lastKnownFileType = file.storyboard; name = Base; path = Base.lproj/LaunchScreen.storyboard; sourceTree = "<group>"; };
		CB205EF429D2EDD20014D58C /* Info.plist */ = {isa = PBXFileReference; lastKnownFileType = text.plist.xml; path = Info.plist; sourceTree = "<group>"; };
/* End PBXFileReference section */

/* Begin PBXFrameworksBuildPhase section */
		CB205EDD29D2EDD10014D58C /* Frameworks */ = {
			isa = PBXFrameworksBuildPhase;
			buildActionMask = 2147483647;
			files = (
			);
			runOnlyForDeploymentPostprocessing = 0;
		};
/* End PBXFrameworksBuildPhase section */

/* Begin PBXGroup section */
		CB205ED729D2EDD10014D58C = {
			isa = PBXGroup;
			children = (
				CB205EE229D2EDD10014D58C /* ToDo */,
				CB205EE129D2EDD10014D58C /* Products */,
			);
			sourceTree = "<group>";
		};
		CB205EE129D2EDD10014D58C /* Products */ = {
			isa = PBXGroup;
			children = (
				CB205EE029D2EDD10014D58C /* ToDo.app */,
			);
			name = Products;
			sourceTree = "<group>";
		};
		CB205EE229D2EDD10014D58C /* ToDo */ = {
			isa = PBXGroup;
			children = (
				CB205EFE29D2EEC90014D58C /* CoreData */,
				CB26E2A929D477600070696D /* Resources */,
				CB26E2AA29D477950070696D /* Views */,
				CB26E2A829D477400070696D /* Controllers */,
				CB205EF429D2EDD20014D58C /* Info.plist */,
			);
			path = ToDo;
			sourceTree = "<group>";
		};
		CB205EFE29D2EEC90014D58C /* CoreData */ = {
			isa = PBXGroup;
			children = (
				CB165A9829DB54E000F2D5AF /* Category+CoreDataClass.swift */,
				CB165A9929DB54E000F2D5AF /* Category+CoreDataProperties.swift */,
				CB165A9A29DB54E000F2D5AF /* Items+CoreDataClass.swift */,
				CB165A9B29DB54E000F2D5AF /* Items+CoreDataProperties.swift */,
				CB205EEC29D2EDD10014D58C /* ToDo.xcdatamodeld */,
			);
			path = CoreData;
			sourceTree = "<group>";
		};
		CB26E2A829D477400070696D /* Controllers */ = {
			isa = PBXGroup;
			children = (
				CB205EE729D2EDD10014D58C /* CategoryViewController.swift */,
				CB165AA029DB56C800F2D5AF /* ItemsViewController.swift */,
			);
			path = Controllers;
			sourceTree = "<group>";
		};
		CB26E2A929D477600070696D /* Resources */ = {
			isa = PBXGroup;
			children = (
				CB205EE329D2EDD10014D58C /* AppDelegate.swift */,
				CB205EE529D2EDD10014D58C /* SceneDelegate.swift */,
			);
			path = Resources;
			sourceTree = "<group>";
		};
		CB26E2AA29D477950070696D /* Views */ = {
			isa = PBXGroup;
			children = (
				CB26E2AB29D477A80070696D /* Storyboards */,
				CB205EEF29D2EDD20014D58C /* Assets.xcassets */,
			);
			path = Views;
			sourceTree = "<group>";
		};
		CB26E2AB29D477A80070696D /* Storyboards */ = {
			isa = PBXGroup;
			children = (
				CB205EE929D2EDD10014D58C /* Main.storyboard */,
				CB205EF129D2EDD20014D58C /* LaunchScreen.storyboard */,
			);
			path = Storyboards;
			sourceTree = "<group>";
		};
/* End PBXGroup section */

/* Begin PBXNativeTarget section */
		CB205EDF29D2EDD10014D58C /* ToDo */ = {
			isa = PBXNativeTarget;
			buildConfigurationList = CB205EF729D2EDD20014D58C /* Build configuration list for PBXNativeTarget "ToDo" */;
			buildPhases = (
				CB205EDC29D2EDD10014D58C /* Sources */,
				CB205EDD29D2EDD10014D58C /* Frameworks */,
				CB205EDE29D2EDD10014D58C /* Resources */,
			);
			buildRules = (
			);
			dependencies = (
			);
			name = ToDo;
			productName = ToDo;
			productReference = CB205EE029D2EDD10014D58C /* ToDo.app */;
			productType = "com.apple.product-type.application";
		};
/* End PBXNativeTarget section */

/* Begin PBXProject section */
		CB205ED829D2EDD10014D58C /* Project object */ = {
			isa = PBXProject;
			attributes = {
				BuildIndependentTargetsInParallel = 1;
				LastSwiftUpdateCheck = 1420;
				LastUpgradeCheck = 1420;
				TargetAttributes = {
					CB205EDF29D2EDD10014D58C = {
						CreatedOnToolsVersion = 14.2;
					};
				};
			};
			buildConfigurationList = CB205EDB29D2EDD10014D58C /* Build configuration list for PBXProject "ToDo" */;
			compatibilityVersion = "Xcode 14.0";
			developmentRegion = en;
			hasScannedForEncodings = 0;
			knownRegions = (
				en,
				Base,
			);
			mainGroup = CB205ED729D2EDD10014D58C;
			productRefGroup = CB205EE129D2EDD10014D58C /* Products */;
			projectDirPath = "";
			projectRoot = "";
			targets = (
				CB205EDF29D2EDD10014D58C /* ToDo */,
			);
		};
/* End PBXProject section */

/* Begin PBXResourcesBuildPhase section */
		CB205EDE29D2EDD10014D58C /* Resources */ = {
			isa = PBXResourcesBuildPhase;
			buildActionMask = 2147483647;
			files = (
				CB205EF329D2EDD20014D58C /* LaunchScreen.storyboard in Resources */,
				CB205EF029D2EDD20014D58C /* Assets.xcassets in Resources */,
				CB205EEB29D2EDD10014D58C /* Main.storyboard in Resources */,
			);
			runOnlyForDeploymentPostprocessing = 0;
		};
/* End PBXResourcesBuildPhase section */

/* Begin PBXSourcesBuildPhase section */
		CB205EDC29D2EDD10014D58C /* Sources */ = {
			isa = PBXSourcesBuildPhase;
			buildActionMask = 2147483647;
			files = (
				CB205EE829D2EDD10014D58C /* CategoryViewController.swift in Sources */,
				CB205EE429D2EDD10014D58C /* AppDelegate.swift in Sources */,
				CB205EE629D2EDD10014D58C /* SceneDelegate.swift in Sources */,
				CB165A9F29DB54E000F2D5AF /* Items+CoreDataProperties.swift in Sources */,
				CB165AA129DB56C800F2D5AF /* ItemsViewController.swift in Sources */,
				CB165A9D29DB54E000F2D5AF /* Category+CoreDataProperties.swift in Sources */,
				CB165A9E29DB54E000F2D5AF /* Items+CoreDataClass.swift in Sources */,
				CB165A9C29DB54E000F2D5AF /* Category+CoreDataClass.swift in Sources */,
				CB205EEE29D2EDD10014D58C /* ToDo.xcdatamodeld in Sources */,
			);
			runOnlyForDeploymentPostprocessing = 0;
		};
/* End PBXSourcesBuildPhase section */

/* Begin PBXVariantGroup section */
		CB205EE929D2EDD10014D58C /* Main.storyboard */ = {
			isa = PBXVariantGroup;
			children = (
				CB205EEA29D2EDD10014D58C /* Base */,
			);
			name = Main.storyboard;
			sourceTree = "<group>";
		};
		CB205EF129D2EDD20014D58C /* LaunchScreen.storyboard */ = {
			isa = PBXVariantGroup;
			children = (
				CB205EF229D2EDD20014D58C /* Base */,
			);
			name = LaunchScreen.storyboard;
			sourceTree = "<group>";
		};
/* End PBXVariantGroup section */

/* Begin XCBuildConfiguration section */
		CB205EF529D2EDD20014D58C /* Debug */ = {
			isa = XCBuildConfiguration;
			buildSettings = {
				ALWAYS_SEARCH_USER_PATHS = NO;
				CLANG_ANALYZER_NONNULL = YES;
				CLANG_ANALYZER_NUMBER_OBJECT_CONVERSION = YES_AGGRESSIVE;
				CLANG_CXX_LANGUAGE_STANDARD = "gnu++20";
				CLANG_ENABLE_MODULES = YES;
				CLANG_ENABLE_OBJC_ARC = YES;
				CLANG_ENABLE_OBJC_WEAK = YES;
				CLANG_WARN_BLOCK_CAPTURE_AUTORELEASING = YES;
				CLANG_WARN_BOOL_CONVERSION = YES;
				CLANG_WARN_COMMA = YES;
				CLANG_WARN_CONSTANT_CONVERSION = YES;
				CLANG_WARN_DEPRECATED_OBJC_IMPLEMENTATIONS = YES;
				CLANG_WARN_DIRECT_OBJC_ISA_USAGE = YES_ERROR;
				CLANG_WARN_DOCUMENTATION_COMMENTS = YES;
				CLANG_WARN_EMPTY_BODY = YES;
				CLANG_WARN_ENUM_CONVERSION = YES;
				CLANG_WARN_INFINITE_RECURSION = YES;
				CLANG_WARN_INT_CONVERSION = YES;
				CLANG_WARN_NON_LITERAL_NULL_CONVERSION = YES;
				CLANG_WARN_OBJC_IMPLICIT_RETAIN_SELF = YES;
				CLANG_WARN_OBJC_LITERAL_CONVERSION = YES;
				CLANG_WARN_OBJC_ROOT_CLASS = YES_ERROR;
				CLANG_WARN_QUOTED_INCLUDE_IN_FRAMEWORK_HEADER = YES;
				CLANG_WARN_RANGE_LOOP_ANALYSIS = YES;
				CLANG_WARN_STRICT_PROTOTYPES = YES;
				CLANG_WARN_SUSPICIOUS_MOVE = YES;
				CLANG_WARN_UNGUARDED_AVAILABILITY = YES_AGGRESSIVE;
				CLANG_WARN_UNREACHABLE_CODE = YES;
				CLANG_WARN__DUPLICATE_METHOD_MATCH = YES;
				COPY_PHASE_STRIP = NO;
				DEBUG_INFORMATION_FORMAT = dwarf;
				ENABLE_STRICT_OBJC_MSGSEND = YES;
				ENABLE_TESTABILITY = YES;
				GCC_C_LANGUAGE_STANDARD = gnu11;
				GCC_DYNAMIC_NO_PIC = NO;
				GCC_NO_COMMON_BLOCKS = YES;
				GCC_OPTIMIZATION_LEVEL = 0;
				GCC_PREPROCESSOR_DEFINITIONS = (
					"DEBUG=1",
					"$(inherited)",
				);
				GCC_WARN_64_TO_32_BIT_CONVERSION = YES;
				GCC_WARN_ABOUT_RETURN_TYPE = YES_ERROR;
				GCC_WARN_UNDECLARED_SELECTOR = YES;
				GCC_WARN_UNINITIALIZED_AUTOS = YES_AGGRESSIVE;
				GCC_WARN_UNUSED_FUNCTION = YES;
				GCC_WARN_UNUSED_VARIABLE = YES;
				IPHONEOS_DEPLOYMENT_TARGET = 16.2;
				MTL_ENABLE_DEBUG_INFO = INCLUDE_SOURCE;
				MTL_FAST_MATH = YES;
				ONLY_ACTIVE_ARCH = YES;
				SDKROOT = iphoneos;
				SWIFT_ACTIVE_COMPILATION_CONDITIONS = DEBUG;
				SWIFT_OPTIMIZATION_LEVEL = "-Onone";
			};
			name = Debug;
		};
		CB205EF629D2EDD20014D58C /* Release */ = {
			isa = XCBuildConfiguration;
			buildSettings = {
				ALWAYS_SEARCH_USER_PATHS = NO;
				CLANG_ANALYZER_NONNULL = YES;
				CLANG_ANALYZER_NUMBER_OBJECT_CONVERSION = YES_AGGRESSIVE;
				CLANG_CXX_LANGUAGE_STANDARD = "gnu++20";
				CLANG_ENABLE_MODULES = YES;
				CLANG_ENABLE_OBJC_ARC = YES;
				CLANG_ENABLE_OBJC_WEAK = YES;
				CLANG_WARN_BLOCK_CAPTURE_AUTORELEASING = YES;
				CLANG_WARN_BOOL_CONVERSION = YES;
				CLANG_WARN_COMMA = YES;
				CLANG_WARN_CONSTANT_CONVERSION = YES;
				CLANG_WARN_DEPRECATED_OBJC_IMPLEMENTATIONS = YES;
				CLANG_WARN_DIRECT_OBJC_ISA_USAGE = YES_ERROR;
				CLANG_WARN_DOCUMENTATION_COMMENTS = YES;
				CLANG_WARN_EMPTY_BODY = YES;
				CLANG_WARN_ENUM_CONVERSION = YES;
				CLANG_WARN_INFINITE_RECURSION = YES;
				CLANG_WARN_INT_CONVERSION = YES;
				CLANG_WARN_NON_LITERAL_NULL_CONVERSION = YES;
				CLANG_WARN_OBJC_IMPLICIT_RETAIN_SELF = YES;
				CLANG_WARN_OBJC_LITERAL_CONVERSION = YES;
				CLANG_WARN_OBJC_ROOT_CLASS = YES_ERROR;
				CLANG_WARN_QUOTED_INCLUDE_IN_FRAMEWORK_HEADER = YES;
				CLANG_WARN_RANGE_LOOP_ANALYSIS = YES;
				CLANG_WARN_STRICT_PROTOTYPES = YES;
				CLANG_WARN_SUSPICIOUS_MOVE = YES;
				CLANG_WARN_UNGUARDED_AVAILABILITY = YES_AGGRESSIVE;
				CLANG_WARN_UNREACHABLE_CODE = YES;
				CLANG_WARN__DUPLICATE_METHOD_MATCH = YES;
				COPY_PHASE_STRIP = NO;
				DEBUG_INFORMATION_FORMAT = "dwarf-with-dsym";
				ENABLE_NS_ASSERTIONS = NO;
				ENABLE_STRICT_OBJC_MSGSEND = YES;
				GCC_C_LANGUAGE_STANDARD = gnu11;
				GCC_NO_COMMON_BLOCKS = YES;
				GCC_WARN_64_TO_32_BIT_CONVERSION = YES;
				GCC_WARN_ABOUT_RETURN_TYPE = YES_ERROR;
				GCC_WARN_UNDECLARED_SELECTOR = YES;
				GCC_WARN_UNINITIALIZED_AUTOS = YES_AGGRESSIVE;
				GCC_WARN_UNUSED_FUNCTION = YES;
				GCC_WARN_UNUSED_VARIABLE = YES;
				IPHONEOS_DEPLOYMENT_TARGET = 16.2;
				MTL_ENABLE_DEBUG_INFO = NO;
				MTL_FAST_MATH = YES;
				SDKROOT = iphoneos;
				SWIFT_COMPILATION_MODE = wholemodule;
				SWIFT_OPTIMIZATION_LEVEL = "-O";
				VALIDATE_PRODUCT = YES;
			};
			name = Release;
		};
		CB205EF829D2EDD20014D58C /* Debug */ = {
			isa = XCBuildConfiguration;
			buildSettings = {
				ASSETCATALOG_COMPILER_APPICON_NAME = AppIcon;
				ASSETCATALOG_COMPILER_GLOBAL_ACCENT_COLOR_NAME = AccentColor;
				CODE_SIGN_STYLE = Automatic;
				CURRENT_PROJECT_VERSION = 1;
				DEVELOPMENT_TEAM = G5MBR5CGM9;
				GENERATE_INFOPLIST_FILE = YES;
				INFOPLIST_FILE = ToDo/Info.plist;
				INFOPLIST_KEY_UIApplicationSupportsIndirectInputEvents = YES;
				INFOPLIST_KEY_UILaunchStoryboardName = LaunchScreen;
				INFOPLIST_KEY_UIMainStoryboardFile = Main;
				INFOPLIST_KEY_UISupportedInterfaceOrientations_iPad = "UIInterfaceOrientationPortrait UIInterfaceOrientationPortraitUpsideDown UIInterfaceOrientationLandscapeLeft UIInterfaceOrientationLandscapeRight";
				INFOPLIST_KEY_UISupportedInterfaceOrientations_iPhone = "UIInterfaceOrientationPortrait UIInterfaceOrientationLandscapeLeft UIInterfaceOrientationLandscapeRight";
				LD_RUNPATH_SEARCH_PATHS = (
					"$(inherited)",
					"@executable_path/Frameworks",
				);
				MARKETING_VERSION = 1.0;
				PRODUCT_BUNDLE_IDENTIFIER = tebeloper.dev.ToDo;
				PRODUCT_NAME = "$(TARGET_NAME)";
				SWIFT_EMIT_LOC_STRINGS = YES;
				SWIFT_VERSION = 5.0;
				TARGETED_DEVICE_FAMILY = "1,2";
			};
			name = Debug;
		};
		CB205EF929D2EDD20014D58C /* Release */ = {
			isa = XCBuildConfiguration;
			buildSettings = {
				ASSETCATALOG_COMPILER_APPICON_NAME = AppIcon;
				ASSETCATALOG_COMPILER_GLOBAL_ACCENT_COLOR_NAME = AccentColor;
				CODE_SIGN_STYLE = Automatic;
				CURRENT_PROJECT_VERSION = 1;
				DEVELOPMENT_TEAM = G5MBR5CGM9;
				GENERATE_INFOPLIST_FILE = YES;
				INFOPLIST_FILE = ToDo/Info.plist;
				INFOPLIST_KEY_UIApplicationSupportsIndirectInputEvents = YES;
				INFOPLIST_KEY_UILaunchStoryboardName = LaunchScreen;
				INFOPLIST_KEY_UIMainStoryboardFile = Main;
				INFOPLIST_KEY_UISupportedInterfaceOrientations_iPad = "UIInterfaceOrientationPortrait UIInterfaceOrientationPortraitUpsideDown UIInterfaceOrientationLandscapeLeft UIInterfaceOrientationLandscapeRight";
				INFOPLIST_KEY_UISupportedInterfaceOrientations_iPhone = "UIInterfaceOrientationPortrait UIInterfaceOrientationLandscapeLeft UIInterfaceOrientationLandscapeRight";
				LD_RUNPATH_SEARCH_PATHS = (
					"$(inherited)",
					"@executable_path/Frameworks",
				);
				MARKETING_VERSION = 1.0;
				PRODUCT_BUNDLE_IDENTIFIER = tebeloper.dev.ToDo;
				PRODUCT_NAME = "$(TARGET_NAME)";
				SWIFT_EMIT_LOC_STRINGS = YES;
				SWIFT_VERSION = 5.0;
				TARGETED_DEVICE_FAMILY = "1,2";
			};
			name = Release;
		};
/* End XCBuildConfiguration section */

/* Begin XCConfigurationList section */
		CB205EDB29D2EDD10014D58C /* Build configuration list for PBXProject "ToDo" */ = {
			isa = XCConfigurationList;
			buildConfigurations = (
				CB205EF529D2EDD20014D58C /* Debug */,
				CB205EF629D2EDD20014D58C /* Release */,
			);
			defaultConfigurationIsVisible = 0;
			defaultConfigurationName = Release;
		};
		CB205EF729D2EDD20014D58C /* Build configuration list for PBXNativeTarget "ToDo" */ = {
			isa = XCConfigurationList;
			buildConfigurations = (
				CB205EF829D2EDD20014D58C /* Debug */,
				CB205EF929D2EDD20014D58C /* Release */,
			);
			defaultConfigurationIsVisible = 0;
			defaultConfigurationName = Release;
		};
/* End XCConfigurationList section */

/* Begin XCVersionGroup section */
		CB205EEC29D2EDD10014D58C /* ToDo.xcdatamodeld */ = {
			isa = XCVersionGroup;
			children = (
				CB205EED29D2EDD10014D58C /* ToDo.xcdatamodel */,
			);
			currentVersion = CB205EED29D2EDD10014D58C /* ToDo.xcdatamodel */;
			path = ToDo.xcdatamodeld;
			sourceTree = "<group>";
			versionGroupType = wrapper.xcdatamodel;
		};
/* End XCVersionGroup section */
	};
	rootObject = CB205ED829D2EDD10014D58C /* Project object */;
}
